
Microsoft Visual Studio Solution File, Format Version 12.00
# Visual Studio Version 16
VisualStudioVersion = 16.0.30104.148
MinimumVisualStudioVersion = 10.0.40219.1
Project("{FAE04EC0-301F-11D3-BF4B-00C04F79EFBC}") = "Spell_The_Number", "Spell_The_Number\Spell_The_Number.csproj", "{A8448AA1-704E-4C0F-ADAC-470A44A12952}"
EndProject
Global
	GlobalSection(SolutionConfigurationPlatforms) = preSolution
		Debug|Any CPU = Debug|Any CPU
		Release|Any CPU = Release|Any CPU
	EndGlobalSection
	GlobalSection(ProjectConfigurationPlatforms) = postSolution
		{A8448AA1-704E-4C0F-ADAC-470A44A12952}.Debug|Any CPU.ActiveCfg = Debug|Any CPU
		{A8448AA1-704E-4C0F-ADAC-470A44A12952}.Debug|Any CPU.Build.0 = Debug|Any CPU
		{A8448AA1-704E-4C0F-ADAC-470A44A12952}.Release|Any CPU.ActiveCfg = Release|Any CPU
		{A8448AA1-704E-4C0F-ADAC-470A44A12952}.Release|Any CPU.Build.0 = Release|Any CPU
	EndGlobalSection
	GlobalSection(SolutionProperties) = preSolution
		HideSolutionNode = FALSE
	EndGlobalSection
	GlobalSection(ExtensibilityGlobals) = postSolution
		SolutionGuid = {6B05C330-1582-44ED-BA3E-BC86D7617D9C}
	EndGlobalSection
EndGlobal
